
Microsoft Visual Studio Solution File, Format Version 12.00
# Visual Studio Version 17
VisualStudioVersion = 17.8.34316.72
MinimumVisualStudioVersion = 10.0.40219.1
Project("{9A19103F-16F7-4668-BE54-9A1E7A4F7556}") = "ValueOfObjects", "ValueOfObjects\ValueOfObjects.csproj", "{C1FEECE4-5A4F-413D-BF79-99CD7AC8A33A}"
EndProject
Project("{9A19103F-16F7-4668-BE54-9A1E7A4F7556}") = "SpecFlowTestProject", "SpecFlowTestProject\SpecFlowTestProject.csproj", "{D6457F48-B538-4564-8F3D-670B4F0A85ED}"
EndProject
Global
	GlobalSection(SolutionConfigurationPlatforms) = preSolution
		Debug|Any CPU = Debug|Any CPU
		Release|Any CPU = Release|Any CPU
	EndGlobalSection
	GlobalSection(ProjectConfigurationPlatforms) = postSolution
		{C1FEECE4-5A4F-413D-BF79-99CD7AC8A33A}.Debug|Any CPU.ActiveCfg = Debug|Any CPU
		{C1FEECE4-5A4F-413D-BF79-99CD7AC8A33A}.Debug|Any CPU.Build.0 = Debug|Any CPU
		{C1FEECE4-5A4F-413D-BF79-99CD7AC8A33A}.Release|Any CPU.ActiveCfg = Release|Any CPU
		{C1FEECE4-5A4F-413D-BF79-99CD7AC8A33A}.Release|Any CPU.Build.0 = Release|Any CPU
		{D6457F48-B538-4564-8F3D-670B4F0A85ED}.Debug|Any CPU.ActiveCfg = Debug|Any CPU
		{D6457F48-B538-4564-8F3D-670B4F0A85ED}.Debug|Any CPU.Build.0 = Debug|Any CPU
		{D6457F48-B538-4564-8F3D-670B4F0A85ED}.Release|Any CPU.ActiveCfg = Release|Any CPU
		{D6457F48-B538-4564-8F3D-670B4F0A85ED}.Release|Any CPU.Build.0 = Release|Any CPU
	EndGlobalSection
	GlobalSection(SolutionProperties) = preSolution
		HideSolutionNode = FALSE
	EndGlobalSection
	GlobalSection(ExtensibilityGlobals) = postSolution
		SolutionGuid = {AB3D9726-EC7D-4864-87E8-C274031AF453}
	EndGlobalSection
EndGlobal
