
Microsoft Visual Studio Solution File, Format Version 12.00
# Visual Studio Version 17
VisualStudioVersion = 17.8.34316.72
MinimumVisualStudioVersion = 10.0.40219.1
Project("{FAE04EC0-301F-11D3-BF4B-00C04F79EFBC}") = "Task1_Point", "Task1_Point\Task1_Point.csproj", "{4714211C-B292-4CEF-8629-8E14ADC72559}"
EndProject
Project("{FAE04EC0-301F-11D3-BF4B-00C04F79EFBC}") = "Task2_Obj", "Task2_Obj\Task2_Obj.csproj", "{ABF21B7D-8E51-4BE5-86DE-456DFC28E4C3}"
EndProject
Global
	GlobalSection(SolutionConfigurationPlatforms) = preSolution
		Debug|Any CPU = Debug|Any CPU
		Release|Any CPU = Release|Any CPU
	EndGlobalSection
	GlobalSection(ProjectConfigurationPlatforms) = postSolution
		{4714211C-B292-4CEF-8629-8E14ADC72559}.Debug|Any CPU.ActiveCfg = Debug|Any CPU
		{4714211C-B292-4CEF-8629-8E14ADC72559}.Debug|Any CPU.Build.0 = Debug|Any CPU
		{4714211C-B292-4CEF-8629-8E14ADC72559}.Release|Any CPU.ActiveCfg = Release|Any CPU
		{4714211C-B292-4CEF-8629-8E14ADC72559}.Release|Any CPU.Build.0 = Release|Any CPU
		{ABF21B7D-8E51-4BE5-86DE-456DFC28E4C3}.Debug|Any CPU.ActiveCfg = Debug|Any CPU
		{ABF21B7D-8E51-4BE5-86DE-456DFC28E4C3}.Debug|Any CPU.Build.0 = Debug|Any CPU
		{ABF21B7D-8E51-4BE5-86DE-456DFC28E4C3}.Release|Any CPU.ActiveCfg = Release|Any CPU
		{ABF21B7D-8E51-4BE5-86DE-456DFC28E4C3}.Release|Any CPU.Build.0 = Release|Any CPU
	EndGlobalSection
	GlobalSection(SolutionProperties) = preSolution
		HideSolutionNode = FALSE
	EndGlobalSection
	GlobalSection(ExtensibilityGlobals) = postSolution
		SolutionGuid = {AB3D9726-EC7D-4864-87E8-C274031AF453}
	EndGlobalSection
EndGlobal
