
Microsoft Visual Studio Solution File, Format Version 12.00
# Visual Studio Version 17
VisualStudioVersion = 17.8.34316.72
MinimumVisualStudioVersion = 10.0.40219.1
Project("{9A19103F-16F7-4668-BE54-9A1E7A4F7556}") = "LoadableComponent", "SauceDemo\LoadableComponent.csproj", "{3E4CBB52-21FB-4097-BDF3-40264C662AEC}"
EndProject
Project("{FAE04EC0-301F-11D3-BF4B-00C04F79EFBC}") = "ChainOfInvocations", "PageObjectStepsHW\ChainOfInvocations.csproj", "{7461C928-AFFF-4407-9B14-062A254AC35A}"
EndProject
Global
	GlobalSection(SolutionConfigurationPlatforms) = preSolution
		Debug|Any CPU = Debug|Any CPU
		Release|Any CPU = Release|Any CPU
	EndGlobalSection
	GlobalSection(ProjectConfigurationPlatforms) = postSolution
		{3E4CBB52-21FB-4097-BDF3-40264C662AEC}.Debug|Any CPU.ActiveCfg = Debug|Any CPU
		{3E4CBB52-21FB-4097-BDF3-40264C662AEC}.Debug|Any CPU.Build.0 = Debug|Any CPU
		{3E4CBB52-21FB-4097-BDF3-40264C662AEC}.Release|Any CPU.ActiveCfg = Release|Any CPU
		{3E4CBB52-21FB-4097-BDF3-40264C662AEC}.Release|Any CPU.Build.0 = Release|Any CPU
		{7461C928-AFFF-4407-9B14-062A254AC35A}.Debug|Any CPU.ActiveCfg = Debug|Any CPU
		{7461C928-AFFF-4407-9B14-062A254AC35A}.Debug|Any CPU.Build.0 = Debug|Any CPU
		{7461C928-AFFF-4407-9B14-062A254AC35A}.Release|Any CPU.ActiveCfg = Release|Any CPU
		{7461C928-AFFF-4407-9B14-062A254AC35A}.Release|Any CPU.Build.0 = Release|Any CPU
	EndGlobalSection
	GlobalSection(SolutionProperties) = preSolution
		HideSolutionNode = FALSE
	EndGlobalSection
	GlobalSection(ExtensibilityGlobals) = postSolution
		SolutionGuid = {AB3D9726-EC7D-4864-87E8-C274031AF453}
	EndGlobalSection
EndGlobal
